Microsoft Visual Studio Solution File, Format Version 12.00
# Visual Studio Version 17
VisualStudioVersion = 17.5.2.0
MinimumVisualStudioVersion = 10.0.40219.1
Project("{FAE04EC0-301F-11D3-BF4B-00C04F79EFBC}") = "Aslanta.Idgen.Api", "Aslanta.Idgen.Api.csproj", "{C5EC689C-2E24-A8E8-7D1D-E87F20BAB5F2}"
EndProject
Project("{FAE04EC0-301F-11D3-BF4B-00C04F79EFBC}") = "Tests", "..\Tests\Tests.csproj", "{AF79C4FE-1A12-4109-A0BE-24DA7F3AAF76}"
EndProject
Global
	GlobalSection(SolutionConfigurationPlatforms) = preSolution
		Debug|Any CPU = Debug|Any CPU
		Release|Any CPU = Release|Any CPU
	EndGlobalSection
	GlobalSection(ProjectConfigurationPlatforms) = postSolution
		{C5EC689C-2E24-A8E8-7D1D-E87F20BAB5F2}.Debug|Any CPU.ActiveCfg = Debug|Any CPU
		{C5EC689C-2E24-A8E8-7D1D-E87F20BAB5F2}.Debug|Any CPU.Build.0 = Debug|Any CPU
		{C5EC689C-2E24-A8E8-7D1D-E87F20BAB5F2}.Release|Any CPU.ActiveCfg = Release|Any CPU
		{C5EC689C-2E24-A8E8-7D1D-E87F20BAB5F2}.Release|Any CPU.Build.0 = Release|Any CPU
		{AF79C4FE-1A12-4109-A0BE-24DA7F3AAF76}.Debug|Any CPU.ActiveCfg = Debug|Any CPU
		{AF79C4FE-1A12-4109-A0BE-24DA7F3AAF76}.Debug|Any CPU.Build.0 = Debug|Any CPU
		{AF79C4FE-1A12-4109-A0BE-24DA7F3AAF76}.Release|Any CPU.ActiveCfg = Release|Any CPU
		{AF79C4FE-1A12-4109-A0BE-24DA7F3AAF76}.Release|Any CPU.Build.0 = Release|Any CPU
	EndGlobalSection
	GlobalSection(SolutionProperties) = preSolution
		HideSolutionNode = FALSE
	EndGlobalSection
	GlobalSection(ExtensibilityGlobals) = postSolution
		SolutionGuid = {6FCF727D-5966-45A0-B7E5-DE568632E19A}
	EndGlobalSection
EndGlobal
