Microsoft Visual Studio Solution File, Format Version 12.00
# Visual Studio Version 17
VisualStudioVersion = 17.5.2.0
MinimumVisualStudioVersion = 10.0.40219.1
Project("{FAE04EC0-301F-11D3-BF4B-00C04F79EFBC}") = "Aslanta.Idgen.Job", "Aslanta.Idgen.Job.csproj", "{818EEABB-071B-0C86-57E8-B6AD00631BF7}"
EndProject
Global
	GlobalSection(SolutionConfigurationPlatforms) = preSolution
		Debug|Any CPU = Debug|Any CPU
		Release|Any CPU = Release|Any CPU
	EndGlobalSection
	GlobalSection(ProjectConfigurationPlatforms) = postSolution
		{818EEABB-071B-0C86-57E8-B6AD00631BF7}.Debug|Any CPU.ActiveCfg = Debug|Any CPU
		{818EEABB-071B-0C86-57E8-B6AD00631BF7}.Debug|Any CPU.Build.0 = Debug|Any CPU
		{818EEABB-071B-0C86-57E8-B6AD00631BF7}.Release|Any CPU.ActiveCfg = Release|Any CPU
		{818EEABB-071B-0C86-57E8-B6AD00631BF7}.Release|Any CPU.Build.0 = Release|Any CPU
	EndGlobalSection
	GlobalSection(SolutionProperties) = preSolution
		HideSolutionNode = FALSE
	EndGlobalSection
	GlobalSection(ExtensibilityGlobals) = postSolution
		SolutionGuid = {02D62830-3678-46FB-9C27-09D0C28046E5}
	EndGlobalSection
EndGlobal
